
Microsoft Visual Studio Solution File, Format Version 12.00
Project("{FAE04EC0-301F-11D3-BF4B-00C04F79EFBC}") = "GameStore.Api", "GameStore.Api\GameStore.Api.csproj", "{626D9D3C-47DA-4428-A103-5B20F0D5BAEA}"
EndProject
Global
	GlobalSection(SolutionConfigurationPlatforms) = preSolution
		Debug|Any CPU = Debug|Any CPU
		Release|Any CPU = Release|Any CPU
	EndGlobalSection
	GlobalSection(ProjectConfigurationPlatforms) = postSolution
		{626D9D3C-47DA-4428-A103-5B20F0D5BAEA}.Debug|Any CPU.ActiveCfg = Debug|Any CPU
		{626D9D3C-47DA-4428-A103-5B20F0D5BAEA}.Debug|Any CPU.Build.0 = Debug|Any CPU
		{626D9D3C-47DA-4428-A103-5B20F0D5BAEA}.Release|Any CPU.ActiveCfg = Release|Any CPU
		{626D9D3C-47DA-4428-A103-5B20F0D5BAEA}.Release|Any CPU.Build.0 = Release|Any CPU
	EndGlobalSection
EndGlobal
